{
  "originHash" : "89791fac56df978b48ddd1cf2d2ce1a930f6a3b565711d92f0448b682f418226",
  "pins" : [
    {
      "identity" : "nextcloud-container-manager",
      "kind" : "remoteSourceControl",
      "location" : "https://github.com/i2h3/nextcloud-container-manager",
      "state" : {
        "revision" : "a9fbad8738e34a4bbb4782f48cee43cedede7ea8",
        "version" : "2.0.1"
      }
    },
    {
      "identity" : "rainmaker",
      "kind" : "remoteSourceControl",
      "location" : "https://github.com/i2h3/rainmaker",
      "state" : {
        "revision" : "d6a2f72e0b1590c02e476b41d45789a0d4c35e57",
        "version" : "4.1.0"
      }
    },
    {
      "identity" : "swift-argument-parser",
      "kind" : "remoteSourceControl",
      "location" : "https://github.com/apple/swift-argument-parser",
      "state" : {
        "revision" : "6a52f3251125d74daf04fcbd5e6f08a75d074382",
        "version" : "1.8.2"
      }
    }
  ],
  "version" : 3
}
