{
  "originHash" : "89791fac56df978b48ddd1cf2d2ce1a930f6a3b565711d92f0448b682f418226",
  "pins" : [
    {
      "identity" : "nextcloud-container-manager",
      "kind" : "remoteSourceControl",
      "location" : "https://github.com/i2h3/nextcloud-container-manager",
      "state" : {
        "revision" : "0b2eb6ab01e11357e816b1868a379318edd65ab8",
        "version" : "2.0.2"
      }
    },
    {
      "identity" : "rainmaker",
      "kind" : "remoteSourceControl",
      "location" : "https://github.com/i2h3/rainmaker",
      "state" : {
        "revision" : "0c538c6f82aca9ac91a1248808e1a15c091822b4",
        "version" : "4.1.1"
      }
    },
    {
      "identity" : "swift-argument-parser",
      "kind" : "remoteSourceControl",
      "location" : "https://github.com/apple/swift-argument-parser",
      "state" : {
        "revision" : "6a52f3251125d74daf04fcbd5e6f08a75d074382",
        "version" : "1.8.2"
      }
    }
  ],
  "version" : 3
}
